
Microsoft Visual Studio Solution File, Format Version 12.00
# Visual Studio Version 16
VisualStudioVersion = 16.0.29025.244
MinimumVisualStudioVersion = 10.0.40219.1
Project("{FAE04EC0-301F-11D3-BF4B-00C04F79EFBC}") = "demo", "demo.csproj", "{591FE469-FD7C-4FDC-9CE7-3018FD68969C}"
EndProject
Global
	GlobalSection(SolutionConfigurationPlatforms) = preSolution
		Debug|Any CPU = Debug|Any CPU
		Release|Any CPU = Release|Any CPU
	EndGlobalSection
	GlobalSection(ProjectConfigurationPlatforms) = postSolution
		{591FE469-FD7C-4FDC-9CE7-3018FD68969C}.Debug|Any CPU.ActiveCfg = Debug|Any CPU
		{591FE469-FD7C-4FDC-9CE7-3018FD68969C}.Debug|Any CPU.Build.0 = Debug|Any CPU
		{591FE469-FD7C-4FDC-9CE7-3018FD68969C}.Release|Any CPU.ActiveCfg = Release|Any CPU
		{591FE469-FD7C-4FDC-9CE7-3018FD68969C}.Release|Any CPU.Build.0 = Release|Any CPU
	EndGlobalSection
	GlobalSection(SolutionProperties) = preSolution
		HideSolutionNode = FALSE
	EndGlobalSection
	GlobalSection(ExtensibilityGlobals) = postSolution
		SolutionGuid = {201D7C94-390E-4DA2-996B-5CE82B3BA0F2}
	EndGlobalSection
EndGlobal
